// !$*UTF8*$!
{
	archiveVersion = 1;
	classes = {
	};
	objectVersion = 51;
	objects = {

/* Begin PBXBuildFile section */
		A6274897E87501EB547384E3 /* Pods_AnalyticOnline.framework in Frameworks */ = {isa = PBXBuildFile; fileRef = E573D7DF8DEDF71E57E65823 /* Pods_AnalyticOnline.framework */; };
		F20DC6A222F6E580006FE74D /* loading.json in Resources */ = {isa = PBXBuildFile; fileRef = F20DC6A122F6E580006FE74D /* loading.json */; };
		F2107E0E22F61A9C00FD0E5E /* AppDelegate.swift in Sources */ = {isa = PBXBuildFile; fileRef = F2107E0D22F61A9C00FD0E5E /* AppDelegate.swift */; };
		F2107E1022F61A9C00FD0E5E /* ViewController.swift in Sources */ = {isa = PBXBuildFile; fileRef = F2107E0F22F61A9C00FD0E5E /* ViewController.swift */; };
		F2107E1322F61A9C00FD0E5E /* Main.storyboard in Resources */ = {isa = PBXBuildFile; fileRef = F2107E1122F61A9C00FD0E5E /* Main.storyboard */; };
		F2107E1522F61A9F00FD0E5E /* Assets.xcassets in Resources */ = {isa = PBXBuildFile; fileRef = F2107E1422F61A9F00FD0E5E /* Assets.xcassets */; };
		F2107E1822F61A9F00FD0E5E /* LaunchScreen.storyboard in Resources */ = {isa = PBXBuildFile; fileRef = F2107E1622F61A9F00FD0E5E /* LaunchScreen.storyboard */; };
/* End PBXBuildFile section */

/* Begin PBXFileReference section */
		43C1A5341D45494E19861A34 /* Pods-AnalyticOnline.debug.xcconfig */ = {isa = PBXFileReference; includeInIndex = 1; lastKnownFileType = text.xcconfig; name = "Pods-AnalyticOnline.debug.xcconfig"; path = "Target Support Files/Pods-AnalyticOnline/Pods-AnalyticOnline.debug.xcconfig"; sourceTree = "<group>"; };
		D40DF9ECC89E60EDF0105056 /* Pods-AnalyticOnline.release.xcconfig */ = {isa = PBXFileReference; includeInIndex = 1; lastKnownFileType = text.xcconfig; name = "Pods-AnalyticOnline.release.xcconfig"; path = "Target Support Files/Pods-AnalyticOnline/Pods-AnalyticOnline.release.xcconfig"; sourceTree = "<group>"; };
		E573D7DF8DEDF71E57E65823 /* Pods_AnalyticOnline.framework */ = {isa = PBXFileReference; explicitFileType = wrapper.framework; includeInIndex = 0; path = Pods_AnalyticOnline.framework; sourceTree = BUILT_PRODUCTS_DIR; };
		F20DC6A122F6E580006FE74D /* loading.json */ = {isa = PBXFileReference; fileEncoding = 4; lastKnownFileType = text.json; path = loading.json; sourceTree = "<group>"; };
		F2107E0A22F61A9C00FD0E5E /* AnalyticOnline.app */ = {isa = PBXFileReference; explicitFileType = wrapper.application; includeInIndex = 0; path = AnalyticOnline.app; sourceTree = BUILT_PRODUCTS_DIR; };
		F2107E0D22F61A9C00FD0E5E /* AppDelegate.swift */ = {isa = PBXFileReference; lastKnownFileType = sourcecode.swift; path = AppDelegate.swift; sourceTree = "<group>"; };
		F2107E0F22F61A9C00FD0E5E /* ViewController.swift */ = {isa = PBXFileReference; lastKnownFileType = sourcecode.swift; path = ViewController.swift; sourceTree = "<group>"; };
		F2107E1222F61A9C00FD0E5E /* Base */ = {isa = PBXFileReference; lastKnownFileType = file.storyboard; name = Base; path = Base.lproj/Main.storyboard; sourceTree = "<group>"; };
		F2107E1422F61A9F00FD0E5E /* Assets.xcassets */ = {isa = PBXFileReference; lastKnownFileType = folder.assetcatalog; path = Assets.xcassets; sourceTree = "<group>"; };
		F2107E1722F61A9F00FD0E5E /* Base */ = {isa = PBXFileReference; lastKnownFileType = file.storyboard; name = Base; path = Base.lproj/LaunchScreen.storyboard; sourceTree = "<group>"; };
		F2107E1922F61A9F00FD0E5E /* Info.plist */ = {isa = PBXFileReference; lastKnownFileType = text.plist.xml; path = Info.plist; sourceTree = "<group>"; };
/* End PBXFileReference section */

/* Begin PBXFrameworksBuildPhase section */
		F2107E0722F61A9C00FD0E5E /* Frameworks */ = {
			isa = PBXFrameworksBuildPhase;
			buildActionMask = 2147483647;
			files = (
				A6274897E87501EB547384E3 /* Pods_AnalyticOnline.framework in Frameworks */,
			);
			runOnlyForDeploymentPostprocessing = 0;
		};
/* End PBXFrameworksBuildPhase section */

/* Begin PBXGroup section */
		5232793B1226D77C2D3260DD /* Frameworks */ = {
			isa = PBXGroup;
			children = (
				E573D7DF8DEDF71E57E65823 /* Pods_AnalyticOnline.framework */,
			);
			name = Frameworks;
			sourceTree = "<group>";
		};
		9C5467B843C48F9A8FBCC70D /* Pods */ = {
			isa = PBXGroup;
			children = (
				43C1A5341D45494E19861A34 /* Pods-AnalyticOnline.debug.xcconfig */,
				D40DF9ECC89E60EDF0105056 /* Pods-AnalyticOnline.release.xcconfig */,
			);
			path = Pods;
			sourceTree = "<group>";
		};
		F2107E0122F61A9C00FD0E5E = {
			isa = PBXGroup;
			children = (
				F2107E0C22F61A9C00FD0E5E /* AnalyticOnline */,
				F2107E0B22F61A9C00FD0E5E /* Products */,
				9C5467B843C48F9A8FBCC70D /* Pods */,
				5232793B1226D77C2D3260DD /* Frameworks */,
			);
			sourceTree = "<group>";
		};
		F2107E0B22F61A9C00FD0E5E /* Products */ = {
			isa = PBXGroup;
			children = (
				F2107E0A22F61A9C00FD0E5E /* AnalyticOnline.app */,
			);
			name = Products;
			sourceTree = "<group>";
		};
		F2107E0C22F61A9C00FD0E5E /* AnalyticOnline */ = {
			isa = PBXGroup;
			children = (
				F20DC6A122F6E580006FE74D /* loading.json */,
				F2107E0D22F61A9C00FD0E5E /* AppDelegate.swift */,
				F2107E0F22F61A9C00FD0E5E /* ViewController.swift */,
				F2107E1122F61A9C00FD0E5E /* Main.storyboard */,
				F2107E1422F61A9F00FD0E5E /* Assets.xcassets */,
				F2107E1622F61A9F00FD0E5E /* LaunchScreen.storyboard */,
				F2107E1922F61A9F00FD0E5E /* Info.plist */,
			);
			path = AnalyticOnline;
			sourceTree = "<group>";
		};
/* End PBXGroup section */

/* Begin PBXNativeTarget section */
		F2107E0922F61A9C00FD0E5E /* AnalyticOnline */ = {
			isa = PBXNativeTarget;
			buildConfigurationList = F2107E1C22F61A9F00FD0E5E /* Build configuration list for PBXNativeTarget "AnalyticOnline" */;
			buildPhases = (
				A4AEDADF5BCD053B97C879EA /* [CP] Check Pods Manifest.lock */,
				F2107E0622F61A9C00FD0E5E /* Sources */,
				F2107E0722F61A9C00FD0E5E /* Frameworks */,
				F2107E0822F61A9C00FD0E5E /* Resources */,
				3B63F288E82937FABFFD574B /* [CP] Embed Pods Frameworks */,
			);
			buildRules = (
			);
			dependencies = (
			);
			name = AnalyticOnline;
			productName = AnalyticOnline;
			productReference = F2107E0A22F61A9C00FD0E5E /* AnalyticOnline.app */;
			productType = "com.apple.product-type.application";
		};
/* End PBXNativeTarget section */

/* Begin PBXProject section */
		F2107E0222F61A9C00FD0E5E /* Project object */ = {
			isa = PBXProject;
			attributes = {
				LastSwiftUpdateCheck = 1020;
				LastUpgradeCheck = 1020;
				ORGANIZATIONNAME = Erdogan;
				TargetAttributes = {
					F2107E0922F61A9C00FD0E5E = {
						CreatedOnToolsVersion = 10.2.1;
					};
				};
			};
			buildConfigurationList = F2107E0522F61A9C00FD0E5E /* Build configuration list for PBXProject "AnalyticOnline" */;
			compatibilityVersion = "Xcode 9.3";
			developmentRegion = en;
			hasScannedForEncodings = 0;
			knownRegions = (
				en,
				Base,
			);
			mainGroup = F2107E0122F61A9C00FD0E5E;
			productRefGroup = F2107E0B22F61A9C00FD0E5E /* Products */;
			projectDirPath = "";
			projectRoot = "";
			targets = (
				F2107E0922F61A9C00FD0E5E /* AnalyticOnline */,
			);
		};
/* End PBXProject section */

/* Begin PBXResourcesBuildPhase section */
		F2107E0822F61A9C00FD0E5E /* Resources */ = {
			isa = PBXResourcesBuildPhase;
			buildActionMask = 2147483647;
			files = (
				F2107E1822F61A9F00FD0E5E /* LaunchScreen.storyboard in Resources */,
				F20DC6A222F6E580006FE74D /* loading.json in Resources */,
				F2107E1522F61A9F00FD0E5E /* Assets.xcassets in Resources */,
				F2107E1322F61A9C00FD0E5E /* Main.storyboard in Resources */,
			);
			runOnlyForDeploymentPostprocessing = 0;
		};
/* End PBXResourcesBuildPhase section */

/* Begin PBXShellScriptBuildPhase section */
		3B63F288E82937FABFFD574B /* [CP] Embed Pods Frameworks */ = {
			isa = PBXShellScriptBuildPhase;
			buildActionMask = 2147483647;
			files = (
			);
			inputFileListPaths = (
				"${PODS_ROOT}/Target Support Files/Pods-AnalyticOnline/Pods-AnalyticOnline-frameworks-${CONFIGURATION}-input-files.xcfilelist",
			);
			name = "[CP] Embed Pods Frameworks";
			outputFileListPaths = (
				"${PODS_ROOT}/Target Support Files/Pods-AnalyticOnline/Pods-AnalyticOnline-frameworks-${CONFIGURATION}-output-files.xcfilelist",
			);
			runOnlyForDeploymentPostprocessing = 0;
			shellPath = /bin/sh;
			shellScript = "\"${PODS_ROOT}/Target Support Files/Pods-AnalyticOnline/Pods-AnalyticOnline-frameworks.sh\"\n";
			showEnvVarsInLog = 0;
		};
		A4AEDADF5BCD053B97C879EA /* [CP] Check Pods Manifest.lock */ = {
			isa = PBXShellScriptBuildPhase;
			buildActionMask = 2147483647;
			files = (
			);
			inputFileListPaths = (
			);
			inputPaths = (
				"${PODS_PODFILE_DIR_PATH}/Podfile.lock",
				"${PODS_ROOT}/Manifest.lock",
			);
			name = "[CP] Check Pods Manifest.lock";
			outputFileListPaths = (
			);
			outputPaths = (
				"$(DERIVED_FILE_DIR)/Pods-AnalyticOnline-checkManifestLockResult.txt",
			);
			runOnlyForDeploymentPostprocessing = 0;
			shellPath = /bin/sh;
			shellScript = "diff \"${PODS_PODFILE_DIR_PATH}/Podfile.lock\" \"${PODS_ROOT}/Manifest.lock\" > /dev/null\nif [ $? != 0 ] ; then\n    # print error to STDERR\n    echo \"error: The sandbox is not in sync with the Podfile.lock. Run 'pod install' or update your CocoaPods installation.\" >&2\n    exit 1\nfi\n# This output is used by Xcode 'outputs' to avoid re-running this script phase.\necho \"SUCCESS\" > \"${SCRIPT_OUTPUT_FILE_0}\"\n";
			showEnvVarsInLog = 0;
		};
/* End PBXShellScriptBuildPhase section */

/* Begin PBXSourcesBuildPhase section */
		F2107E0622F61A9C00FD0E5E /* Sources */ = {
			isa = PBXSourcesBuildPhase;
			buildActionMask = 2147483647;
			files = (
				F2107E1022F61A9C00FD0E5E /* ViewController.swift in Sources */,
				F2107E0E22F61A9C00FD0E5E /* AppDelegate.swift in Sources */,
			);
			runOnlyForDeploymentPostprocessing = 0;
		};
/* End PBXSourcesBuildPhase section */

/* Begin PBXVariantGroup section */
		F2107E1122F61A9C00FD0E5E /* Main.storyboard */ = {
			isa = PBXVariantGroup;
			children = (
				F2107E1222F61A9C00FD0E5E /* Base */,
			);
			name = Main.storyboard;
			sourceTree = "<group>";
		};
		F2107E1622F61A9F00FD0E5E /* LaunchScreen.storyboard */ = {
			isa = PBXVariantGroup;
			children = (
				F2107E1722F61A9F00FD0E5E /* Base */,
			);
			name = LaunchScreen.storyboard;
			sourceTree = "<group>";
		};
/* End PBXVariantGroup section */

/* Begin XCBuildConfiguration section */
		F2107E1A22F61A9F00FD0E5E /* Debug */ = {
			isa = XCBuildConfiguration;
			buildSettings = {
				ALWAYS_SEARCH_USER_PATHS = NO;
				CLANG_ANALYZER_NONNULL = YES;
				CLANG_ANALYZER_NUMBER_OBJECT_CONVERSION = YES_AGGRESSIVE;
				CLANG_CXX_LANGUAGE_STANDARD = "gnu++14";
				CLANG_CXX_LIBRARY = "libc++";
				CLANG_ENABLE_MODULES = YES;
				CLANG_ENABLE_OBJC_ARC = YES;
				CLANG_ENABLE_OBJC_WEAK = YES;
				CLANG_WARN_BLOCK_CAPTURE_AUTORELEASING = YES;
				CLANG_WARN_BOOL_CONVERSION = YES;
				CLANG_WARN_COMMA = YES;
				CLANG_WARN_CONSTANT_CONVERSION = YES;
				CLANG_WARN_DEPRECATED_OBJC_IMPLEMENTATIONS = YES;
				CLANG_WARN_DIRECT_OBJC_ISA_USAGE = YES_ERROR;
				CLANG_WARN_DOCUMENTATION_COMMENTS = YES;
				CLANG_WARN_EMPTY_BODY = YES;
				CLANG_WARN_ENUM_CONVERSION = YES;
				CLANG_WARN_INFINITE_RECURSION = YES;
				CLANG_WARN_INT_CONVERSION = YES;
				CLANG_WARN_NON_LITERAL_NULL_CONVERSION = YES;
				CLANG_WARN_OBJC_IMPLICIT_RETAIN_SELF = YES;
				CLANG_WARN_OBJC_LITERAL_CONVERSION = YES;
				CLANG_WARN_OBJC_ROOT_CLASS = YES_ERROR;
				CLANG_WARN_RANGE_LOOP_ANALYSIS = YES;
				CLANG_WARN_STRICT_PROTOTYPES = YES;
				CLANG_WARN_SUSPICIOUS_MOVE = YES;
				CLANG_WARN_UNGUARDED_AVAILABILITY = YES_AGGRESSIVE;
				CLANG_WARN_UNREACHABLE_CODE = YES;
				CLANG_WARN__DUPLICATE_METHOD_MATCH = YES;
				CODE_SIGN_IDENTITY = "iPhone Developer";
				COPY_PHASE_STRIP = NO;
				DEBUG_INFORMATION_FORMAT = dwarf;
				ENABLE_STRICT_OBJC_MSGSEND = YES;
				ENABLE_TESTABILITY = YES;
				GCC_C_LANGUAGE_STANDARD = gnu11;
				GCC_DYNAMIC_NO_PIC = NO;
				GCC_NO_COMMON_BLOCKS = YES;
				GCC_OPTIMIZATION_LEVEL = 0;
				GCC_PREPROCESSOR_DEFINITIONS = (
					"DEBUG=1",
					"$(inherited)",
				);
				GCC_WARN_64_TO_32_BIT_CONVERSION = YES;
				GCC_WARN_ABOUT_RETURN_TYPE = YES_ERROR;
				GCC_WARN_UNDECLARED_SELECTOR = YES;
				GCC_WARN_UNINITIALIZED_AUTOS = YES_AGGRESSIVE;
				GCC_WARN_UNUSED_FUNCTION = YES;
				GCC_WARN_UNUSED_VARIABLE = YES;
				IPHONEOS_DEPLOYMENT_TARGET = 12.2;
				MTL_ENABLE_DEBUG_INFO = INCLUDE_SOURCE;
				MTL_FAST_MATH = YES;
				ONLY_ACTIVE_ARCH = YES;
				SDKROOT = iphoneos;
				SWIFT_ACTIVE_COMPILATION_CONDITIONS = DEBUG;
				SWIFT_OPTIMIZATION_LEVEL = "-Onone";
			};
			name = Debug;
		};
		F2107E1B22F61A9F00FD0E5E /* Release */ = {
			isa = XCBuildConfiguration;
			buildSettings = {
				ALWAYS_SEARCH_USER_PATHS = NO;
				CLANG_ANALYZER_NONNULL = YES;
				CLANG_ANALYZER_NUMBER_OBJECT_CONVERSION = YES_AGGRESSIVE;
				CLANG_CXX_LANGUAGE_STANDARD = "gnu++14";
				CLANG_CXX_LIBRARY = "libc++";
				CLANG_ENABLE_MODULES = YES;
				CLANG_ENABLE_OBJC_ARC = YES;
				CLANG_ENABLE_OBJC_WEAK = YES;
				CLANG_WARN_BLOCK_CAPTURE_AUTORELEASING = YES;
				CLANG_WARN_BOOL_CONVERSION = YES;
				CLANG_WARN_COMMA = YES;
				CLANG_WARN_CONSTANT_CONVERSION = YES;
				CLANG_WARN_DEPRECATED_OBJC_IMPLEMENTATIONS = YES;
				CLANG_WARN_DIRECT_OBJC_ISA_USAGE = YES_ERROR;
				CLANG_WARN_DOCUMENTATION_COMMENTS = YES;
				CLANG_WARN_EMPTY_BODY = YES;
				CLANG_WARN_ENUM_CONVERSION = YES;
				CLANG_WARN_INFINITE_RECURSION = YES;
				CLANG_WARN_INT_CONVERSION = YES;
				CLANG_WARN_NON_LITERAL_NULL_CONVERSION = YES;
				CLANG_WARN_OBJC_IMPLICIT_RETAIN_SELF = YES;
				CLANG_WARN_OBJC_LITERAL_CONVERSION = YES;
				CLANG_WARN_OBJC_ROOT_CLASS = YES_ERROR;
				CLANG_WARN_RANGE_LOOP_ANALYSIS = YES;
				CLANG_WARN_STRICT_PROTOTYPES = YES;
				CLANG_WARN_SUSPICIOUS_MOVE = YES;
				CLANG_WARN_UNGUARDED_AVAILABILITY = YES_AGGRESSIVE;
				CLANG_WARN_UNREACHABLE_CODE = YES;
				CLANG_WARN__DUPLICATE_METHOD_MATCH = YES;
				CODE_SIGN_IDENTITY = "iPhone Developer";
				COPY_PHASE_STRIP = NO;
				DEBUG_INFORMATION_FORMAT = "dwarf-with-dsym";
				ENABLE_NS_ASSERTIONS = NO;
				ENABLE_STRICT_OBJC_MSGSEND = YES;
				GCC_C_LANGUAGE_STANDARD = gnu11;
				GCC_NO_COMMON_BLOCKS = YES;
				GCC_WARN_64_TO_32_BIT_CONVERSION = YES;
				GCC_WARN_ABOUT_RETURN_TYPE = YES_ERROR;
				GCC_WARN_UNDECLARED_SELECTOR = YES;
				GCC_WARN_UNINITIALIZED_AUTOS = YES_AGGRESSIVE;
				GCC_WARN_UNUSED_FUNCTION = YES;
				GCC_WARN_UNUSED_VARIABLE = YES;
				IPHONEOS_DEPLOYMENT_TARGET = 12.2;
				MTL_ENABLE_DEBUG_INFO = NO;
				MTL_FAST_MATH = YES;
				SDKROOT = iphoneos;
				SWIFT_COMPILATION_MODE = wholemodule;
				SWIFT_OPTIMIZATION_LEVEL = "-O";
				VALIDATE_PRODUCT = YES;
			};
			name = Release;
		};
		F2107E1D22F61A9F00FD0E5E /* Debug */ = {
			isa = XCBuildConfiguration;
			baseConfigurationReference = 43C1A5341D45494E19861A34 /* Pods-AnalyticOnline.debug.xcconfig */;
			buildSettings = {
				ASSETCATALOG_COMPILER_APPICON_NAME = AppIcon;
				CODE_SIGN_STYLE = Automatic;
				DEVELOPMENT_TEAM = A93J87WMF2;
				INFOPLIST_FILE = AnalyticOnline/Info.plist;
				LD_RUNPATH_SEARCH_PATHS = (
					"$(inherited)",
					"@executable_path/Frameworks",
				);
				PRODUCT_BUNDLE_IDENTIFIER = com.webfirmam.AnalyticOnline;
				PRODUCT_NAME = "$(TARGET_NAME)";
				SWIFT_VERSION = 5.0;
				TARGETED_DEVICE_FAMILY = "1,2";
			};
			name = Debug;
		};
		F2107E1E22F61A9F00FD0E5E /* Release */ = {
			isa = XCBuildConfiguration;
			baseConfigurationReference = D40DF9ECC89E60EDF0105056 /* Pods-AnalyticOnline.release.xcconfig */;
			buildSettings = {
				ASSETCATALOG_COMPILER_APPICON_NAME = AppIcon;
				CODE_SIGN_STYLE = Automatic;
				DEVELOPMENT_TEAM = A93J87WMF2;
				INFOPLIST_FILE = AnalyticOnline/Info.plist;
				LD_RUNPATH_SEARCH_PATHS = (
					"$(inherited)",
					"@executable_path/Frameworks",
				);
				PRODUCT_BUNDLE_IDENTIFIER = com.webfirmam.AnalyticOnline;
				PRODUCT_NAME = "$(TARGET_NAME)";
				SWIFT_VERSION = 5.0;
				TARGETED_DEVICE_FAMILY = "1,2";
			};
			name = Release;
		};
/* End XCBuildConfiguration section */

/* Begin XCConfigurationList section */
		F2107E0522F61A9C00FD0E5E /* Build configuration list for PBXProject "AnalyticOnline" */ = {
			isa = XCConfigurationList;
			buildConfigurations = (
				F2107E1A22F61A9F00FD0E5E /* Debug */,
				F2107E1B22F61A9F00FD0E5E /* Release */,
			);
			defaultConfigurationIsVisible = 0;
			defaultConfigurationName = Release;
		};
		F2107E1C22F61A9F00FD0E5E /* Build configuration list for PBXNativeTarget "AnalyticOnline" */ = {
			isa = XCConfigurationList;
			buildConfigurations = (
				F2107E1D22F61A9F00FD0E5E /* Debug */,
				F2107E1E22F61A9F00FD0E5E /* Release */,
			);
			defaultConfigurationIsVisible = 0;
			defaultConfigurationName = Release;
		};
/* End XCConfigurationList section */
	};
	rootObject = F2107E0222F61A9C00FD0E5E /* Project object */;
}
